[[package]]
name = "ez_io"
version = "0.1.0"
source = "git+https://github.com/MarimeGui/ez_io#dcea50411cfe9d41c028da9950df4b860341fdd4"

[[package]]
name = "yaz0lib_rust"
version = "0.1.0"
dependencies = [
 "ez_io 0.1.0 (git+https://github.com/MarimeGui/ez_io)",
]

[metadata]
"checksum ez_io 0.1.0 (git+https://github.com/MarimeGui/ez_io)" = "<none>"
